{
  "name": "scripts",
  "version": "0.0.1",
  "lockfileVersion": 3,
  "requires": true,
  "packages": {
    "": {
      "name": "scripts",
      "version": "0.0.1",
      "license": "MIT",
      "dependencies": {
        "uuid": "11.0.4"
      }
    },
    "node_modules/uuid": {
      "version": "11.0.4",
      "resolved": "https://registry.npmjs.org/uuid/-/uuid-11.0.4.tgz",
      "integrity": "sha512-IzL6VtTTYcAhA/oghbFJ1Dkmqev+FpQWnCBaKq/gUluLxliWvO8DPFWfIviRmYbtaavtSQe4WBL++rFjdcGWEg==",
      "funding": [
        "https://github.com/sponsors/broofa",
        "https://github.com/sponsors/ctavan"
      ],
      "license": "MIT",
      "bin": {
        "uuid": "dist/esm/bin/uuid"
      }
    }
  }
}
